
Microsoft Visual Studio Solution File, Format Version 12.00
# Visual Studio 15
VisualStudioVersion = 15.0.28010.2048
MinimumVisualStudioVersion = 10.0.40219.1
Project("{8BC9CEB8-8B4A-11D0-8D11-00A0C91BC942}") = "TestSite", "TestSite.vcxproj", "{96922CCC-7279-461C-9953-9DC46D7ABE75}"
EndProject
Project("{54435603-DBB4-11D2-8724-00A0C9A8B90C}") = "TSInstaller", "TSInstaller\TSInstaller.vdproj", "{9D7F4BC4-4268-4AA8-840A-C89607B87493}"
EndProject
Global
	GlobalSection(SolutionConfigurationPlatforms) = preSolution
		Debug|x64 = Debug|x64
		Release|x64 = Release|x64
	EndGlobalSection
	GlobalSection(ProjectConfigurationPlatforms) = postSolution
		{96922CCC-7279-461C-9953-9DC46D7ABE75}.Debug|x64.ActiveCfg = Debug|x64
		{96922CCC-7279-461C-9953-9DC46D7ABE75}.Debug|x64.Build.0 = Debug|x64
		{96922CCC-7279-461C-9953-9DC46D7ABE75}.Release|x64.ActiveCfg = Release|x64
		{96922CCC-7279-461C-9953-9DC46D7ABE75}.Release|x64.Build.0 = Release|x64
		{9D7F4BC4-4268-4AA8-840A-C89607B87493}.Debug|x64.ActiveCfg = Debug
		{9D7F4BC4-4268-4AA8-840A-C89607B87493}.Release|x64.ActiveCfg = Release
	EndGlobalSection
	GlobalSection(SolutionProperties) = preSolution
		HideSolutionNode = FALSE
	EndGlobalSection
	GlobalSection(ExtensibilityGlobals) = postSolution
		SolutionGuid = {A7382CEE-E389-4A0D-AE9F-360B212403D6}
	EndGlobalSection
EndGlobal
